{
  "version": 4,
  "terraform_version": "1.13.4",
  "serial": 380,
  "lineage": "9fa14927-becc-96ec-1edc-9a0477fd67f7",
  "outputs": {
    "nat_public_ips": {
      "value": [
        "176.34.135.161"
      ],
      "type": [
        "list",
        "string"
      ]
    },
    "private_app_ip": {
      "value": "10.0.1.82",
      "type": "string"
    },
    "private_instance_ip": {
      "value": "10.0.1.82",
      "type": "string"
    },
    "private_key_path": {
      "value": "./private_key.pem",
      "type": "string"
    },
    "route_table_id": {
      "value": "rtb-034204fa8ca21fc72",
      "type": "string"
    }
  },
  "resources": [
    {
      "mode": "data",
      "type": "aws_ami",
      "name": "fck_nat",
      "provider": "provider[\"registry.terraform.io/hashicorp/aws\"]",
      "instances": [
        {
          "schema_version": 0,
          "attributes": {
            "allow_unsafe_filter": null,
            "architecture": "x86_64",
            "arn": "arn:aws:ec2:eu-west-1::image/ami-085252d6cf1b51097",
            "block_device_mappings": [
              {
                "device_name": "/dev/xvda",
                "ebs": {
                  "delete_on_termination": "true",
                  "encrypted": "false",
                  "iops": "3000",
                  "snapshot_id": "snap-0fe99df77a86929b5",
                  "throughput": "125",
                  "volume_initialization_rate": "0",
                  "volume_size": "8",
                  "volume_type": "gp3"
                },
                "no_device": "",
                "virtual_name": ""
              }
            ],
            "boot_mode": "uefi-preferred",
            "creation_date": "2024-01-25T19:28:16.000Z",
            "deprecation_time": "2026-01-25T19:28:16.000Z",
            "description": "",
            "ena_support": true,
            "executable_users": null,
            "filter": [
              {
                "name": "name",
                "values": [
                  "fck-nat-al2023-*-x86_64-ebs"
                ]
              }
            ],
            "hypervisor": "xen",
            "id": "ami-085252d6cf1b51097",
            "image_id": "ami-085252d6cf1b51097",
            "image_location": "568608671756/fck-nat-al2023-hvm-1.3.0-20240125-x86_64-ebs",
            "image_owner_alias": "",
            "image_type": "machine",
            "imds_support": "v2.0",
            "include_deprecated": false,
            "kernel_id": "",
            "last_launched_time": "",
            "most_recent": true,
            "name": "fck-nat-al2023-hvm-1.3.0-20240125-x86_64-ebs",
            "name_regex": null,
            "owner_id": "568608671756",
            "owners": [
              "568608671756"
            ],
            "platform": "",
            "platform_details": "Linux/UNIX",
            "product_codes": [],
            "public": true,
            "ramdisk_id": "",
            "region": "eu-west-1",
            "root_device_name": "/dev/xvda",
            "root_device_type": "ebs",
            "root_snapshot_id": "snap-0fe99df77a86929b5",
            "sriov_net_support": "simple",
            "state": "available",
            "state_reason": {
              "code": "UNSET",
              "message": "UNSET"
            },
            "tags": {},
            "timeouts": null,
            "tpm_support": "",
            "uefi_data": null,
            "usage_operation": "RunInstances",
            "virtualization_type": "hvm"
          },
          "sensitive_attributes": [],
          "identity_schema_version": 0
        }
      ]
    },
    {
      "mode": "data",
      "type": "aws_ami",
      "name": "ubuntu",
      "provider": "provider[\"registry.terraform.io/hashicorp/aws\"]",
      "instances": [
        {
          "schema_version": 0,
          "attributes": {
            "allow_unsafe_filter": null,
            "architecture": "x86_64",
            "arn": "arn:aws:ec2:eu-west-1::image/ami-063953778d3b43a63",
            "block_device_mappings": [
              {
                "device_name": "/dev/sda1",
                "ebs": {
                  "delete_on_termination": "true",
                  "encrypted": "false",
                  "iops": "0",
                  "snapshot_id": "snap-000780cb8e04985af",
                  "throughput": "0",
                  "volume_initialization_rate": "0",
                  "volume_size": "8",
                  "volume_type": "gp3"
                },
                "no_device": "",
                "virtual_name": ""
              },
              {
                "device_name": "/dev/sdb",
                "ebs": {},
                "no_device": "",
                "virtual_name": "ephemeral0"
              },
              {
                "device_name": "/dev/sdc",
                "ebs": {},
                "no_device": "",
                "virtual_name": "ephemeral1"
              }
            ],
            "boot_mode": "uefi-preferred",
            "creation_date": "2025-11-26T10:51:19.000Z",
            "deprecation_time": "2027-11-26T10:51:19.000Z",
            "description": "Canonical, Ubuntu, 24.04, amd64 noble image",
            "ena_support": true,
            "executable_users": null,
            "filter": [
              {
                "name": "architecture",
                "values": [
                  "x86_64"
                ]
              },
              {
                "name": "name",
                "values": [
                  "ubuntu/images/hvm-ssd-gp3/ubuntu-noble-24.04-amd64-server-*"
                ]
              },
              {
                "name": "virtualization-type",
                "values": [
                  "hvm"
                ]
              }
            ],
            "hypervisor": "xen",
            "id": "ami-063953778d3b43a63",
            "image_id": "ami-063953778d3b43a63",
            "image_location": "amazon/ubuntu/images/hvm-ssd-gp3/ubuntu-noble-24.04-amd64-server-20251126",
            "image_owner_alias": "amazon",
            "image_type": "machine",
            "imds_support": "v2.0",
            "include_deprecated": false,
            "kernel_id": "",
            "last_launched_time": "",
            "most_recent": true,
            "name": "ubuntu/images/hvm-ssd-gp3/ubuntu-noble-24.04-amd64-server-20251126",
            "name_regex": null,
            "owner_id": "099720109477",
            "owners": [
              "099720109477"
            ],
            "platform": "",
            "platform_details": "Linux/UNIX",
            "product_codes": [],
            "public": true,
            "ramdisk_id": "",
            "region": "eu-west-1",
            "root_device_name": "/dev/sda1",
            "root_device_type": "ebs",
            "root_snapshot_id": "snap-000780cb8e04985af",
            "sriov_net_support": "simple",
            "state": "available",
            "state_reason": {
              "code": "UNSET",
              "message": "UNSET"
            },
            "tags": {},
            "timeouts": null,
            "tpm_support": "",
            "uefi_data": null,
            "usage_operation": "RunInstances",
            "virtualization_type": "hvm"
          },
          "sensitive_attributes": [],
          "identity_schema_version": 0
        }
      ]
    },
    {
      "mode": "data",
      "type": "aws_availability_zones",
      "name": "azs",
      "provider": "provider[\"registry.terraform.io/hashicorp/aws\"]",
      "instances": [
        {
          "schema_version": 0,
          "attributes": {
            "all_availability_zones": null,
            "exclude_names": null,
            "exclude_zone_ids": null,
            "filter": null,
            "group_names": [
              "eu-west-1-zg-1"
            ],
            "id": "eu-west-1",
            "names": [
              "eu-west-1a",
              "eu-west-1b",
              "eu-west-1c"
            ],
            "region": "eu-west-1",
            "state": "available",
            "timeouts": null,
            "zone_ids": [
              "euw1-az2",
              "euw1-az3",
              "euw1-az1"
            ]
          },
          "sensitive_attributes": [],
          "identity_schema_version": 0
        }
      ]
    },
    {
      "mode": "data",
      "type": "aws_instances",
      "name": "nat_instances",
      "provider": "provider[\"registry.terraform.io/hashicorp/aws\"]",
      "instances": [
        {
          "schema_version": 0,
          "attributes": {
            "filter": null,
            "id": "eu-west-1",
            "ids": [
              "i-02dcd2368a93bc935"
            ],
            "instance_state_names": [
              "running"
            ],
            "instance_tags": {
              "Name": "fck-nat-instance"
            },
            "ipv6_addresses": [],
            "private_ips": [
              "10.0.0.149"
            ],
            "public_ips": [
              "176.34.135.161"
            ],
            "region": "eu-west-1",
            "timeouts": null
          },
          "sensitive_attributes": [],
          "identity_schema_version": 0
        }
      ]
    },
    {
      "mode": "managed",
      "type": "aws_autoscaling_group",
      "name": "fck_nat_asg",
      "provider": "provider[\"registry.terraform.io/hashicorp/aws\"]",
      "instances": [
        {
          "schema_version": 1,
          "attributes": {
            "arn": "arn:aws:autoscaling:eu-west-1:362013706298:autoScalingGroup:06a5b4cc-0593-4874-a325-0d2a507f4fef:autoScalingGroupName/fck-nat-asg",
            "availability_zone_distribution": [
              {
                "capacity_distribution_strategy": "balanced-best-effort"
              }
            ],
            "availability_zones": [
              "eu-west-1a"
            ],
            "capacity_rebalance": false,
            "capacity_reservation_specification": [
              {
                "capacity_reservation_preference": "default",
                "capacity_reservation_target": []
              }
            ],
            "context": "",
            "default_cooldown": 300,
            "default_instance_warmup": 0,
            "desired_capacity": 1,
            "desired_capacity_type": "",
            "enabled_metrics": [],
            "force_delete": false,
            "force_delete_warm_pool": false,
            "health_check_grace_period": 300,
            "health_check_type": "EC2",
            "id": "fck-nat-asg",
            "ignore_failed_scaling_activities": false,
            "initial_lifecycle_hook": [],
            "instance_maintenance_policy": [],
            "instance_refresh": [],
            "launch_configuration": "",
            "launch_template": [
              {
                "id": "lt-098183a6940ef6d8e",
                "name": "fck-nat-lt-20251202190044853000000005",
                "version": "$Latest"
              }
            ],
            "load_balancers": [],
            "max_instance_lifetime": 0,
            "max_size": 1,
            "metrics_granularity": "1Minute",
            "min_elb_capacity": null,
            "min_size": 1,
            "mixed_instances_policy": [],
            "name": "fck-nat-asg",
            "name_prefix": "",
            "placement_group": "",
            "predicted_capacity": 0,
            "protect_from_scale_in": false,
            "region": "eu-west-1",
            "service_linked_role_arn": "arn:aws:iam::362013706298:role/aws-service-role/autoscaling.amazonaws.com/AWSServiceRoleForAutoScaling",
            "suspended_processes": [],
            "tag": [
              {
                "key": "Name",
                "propagate_at_launch": true,
                "value": "fck-nat-instance"
              }
            ],
            "target_group_arns": [],
            "termination_policies": [],
            "timeouts": null,
            "traffic_source": [],
            "vpc_zone_identifier": [
              "subnet-0781930ff216dd04a"
            ],
            "wait_for_capacity_timeout": "10m",
            "wait_for_elb_capacity": null,
            "warm_pool": [],
            "warm_pool_size": 0
          },
          "sensitive_attributes": [],
          "identity_schema_version": 0,
          "private": "eyJlMmJmYjczMC1lY2FhLTExZTYtOGY4OC0zNDM2M2JjN2M0YzAiOnsiZGVsZXRlIjo2MDAwMDAwMDAwMDAsInVwZGF0ZSI6NjAwMDAwMDAwMDAwfSwic2NoZW1hX3ZlcnNpb24iOiIxIn0=",
          "dependencies": [
            "aws_egress_only_internet_gateway.egress",
            "aws_iam_instance_profile.nat_profile",
            "aws_iam_role.nat_role",
            "aws_key_pair.nat_instance",
            "aws_launch_template.fck_nat_lt",
            "aws_route_table.private",
            "aws_security_group.fck_nat_sg",
            "aws_subnet.public",
            "aws_vpc.vpc",
            "data.aws_ami.fck_nat",
            "data.aws_availability_zones.azs",
            "tls_private_key.nat_instance"
          ]
        }
      ]
    },
    {
      "mode": "managed",
      "type": "aws_egress_only_internet_gateway",
      "name": "egress",
      "provider": "provider[\"registry.terraform.io/hashicorp/aws\"]",
      "instances": [
        {
          "schema_version": 0,
          "attributes": {
            "id": "eigw-05ffd3d3ef17ee043",
            "region": "eu-west-1",
            "tags": {
              "Name": "vpc-eoigw"
            },
            "tags_all": {
              "Name": "vpc-eoigw"
            },
            "vpc_id": "vpc-06f1a08bba642759b"
          },
          "sensitive_attributes": [],
          "identity_schema_version": 0,
          "private": "bnVsbA==",
          "dependencies": [
            "aws_vpc.vpc"
          ]
        }
      ]
    },
    {
      "mode": "managed",
      "type": "aws_iam_instance_profile",
      "name": "nat_profile",
      "provider": "provider[\"registry.terraform.io/hashicorp/aws\"]",
      "instances": [
        {
          "schema_version": 0,
          "attributes": {
            "arn": "arn:aws:iam::362013706298:instance-profile/fck-nat-profile",
            "create_date": "2025-12-02T19:00:19Z",
            "id": "fck-nat-profile",
            "name": "fck-nat-profile",
            "name_prefix": "",
            "path": "/",
            "role": "fck-nat-role",
            "tags": {},
            "tags_all": {},
            "unique_id": "AIPAVISNSZA5G4TH37BQ2"
          },
          "sensitive_attributes": [],
          "identity_schema_version": 0,
          "private": "bnVsbA==",
          "dependencies": [
            "aws_iam_role.nat_role"
          ]
        }
      ]
    },
    {
      "mode": "managed",
      "type": "aws_iam_role",
      "name": "nat_role",
      "provider": "provider[\"registry.terraform.io/hashicorp/aws\"]",
      "instances": [
        {
          "schema_version": 0,
          "attributes": {
            "arn": "arn:aws:iam::362013706298:role/fck-nat-role",
            "assume_role_policy": "{\"Statement\":[{\"Action\":\"sts:AssumeRole\",\"Effect\":\"Allow\",\"Principal\":{\"Service\":\"ec2.amazonaws.com\"}}],\"Version\":\"2012-10-17\"}",
            "create_date": "2025-12-02T19:00:18Z",
            "description": "",
            "force_detach_policies": false,
            "id": "fck-nat-role",
            "inline_policy": [
              {
                "name": "fck-nat-policy",
                "policy": "{\"Version\":\"2012-10-17\",\"Statement\":[{\"Action\":[\"ec2:ModifyInstanceAttribute\",\"ec2:ReplaceRoute\",\"ec2:DescribeRouteTables\",\"ec2:CreateRoute\"],\"Effect\":\"Allow\",\"Resource\":\"*\"}]}"
              }
            ],
            "managed_policy_arns": [],
            "max_session_duration": 3600,
            "name": "fck-nat-role",
            "name_prefix": "",
            "path": "/",
            "permissions_boundary": "",
            "tags": {},
            "tags_all": {},
            "unique_id": "AROAVISNSZA5JB3AT3RAA"
          },
          "sensitive_attributes": [],
          "identity_schema_version": 0,
          "identity": {
            "account_id": "362013706298",
            "name": "fck-nat-role"
          },
          "private": "bnVsbA=="
        }
      ]
    },
    {
      "mode": "managed",
      "type": "aws_iam_role_policy",
      "name": "nat_policy",
      "provider": "provider[\"registry.terraform.io/hashicorp/aws\"]",
      "instances": [
        {
          "schema_version": 0,
          "attributes": {
            "id": "fck-nat-role:fck-nat-policy",
            "name": "fck-nat-policy",
            "name_prefix": "",
            "policy": "{\"Version\":\"2012-10-17\",\"Statement\":[{\"Action\":[\"ec2:ModifyInstanceAttribute\",\"ec2:ReplaceRoute\",\"ec2:DescribeRouteTables\",\"ec2:CreateRoute\"],\"Effect\":\"Allow\",\"Resource\":\"*\"}]}",
            "role": "fck-nat-role"
          },
          "sensitive_attributes": [],
          "identity_schema_version": 0,
          "identity": {
            "account_id": "362013706298",
            "name": "fck-nat-policy",
            "role": "fck-nat-role"
          },
          "private": "bnVsbA==",
          "dependencies": [
            "aws_iam_role.nat_role"
          ]
        }
      ]
    },
    {
      "mode": "managed",
      "type": "aws_instance",
      "name": "private_app",
      "provider": "provider[\"registry.terraform.io/hashicorp/aws\"]",
      "instances": [
        {
          "schema_version": 2,
          "attributes": {
            "ami": "ami-063953778d3b43a63",
            "arn": "arn:aws:ec2:eu-west-1:362013706298:instance/i-0265326bde39cb65f",
            "associate_public_ip_address": false,
            "availability_zone": "eu-west-1b",
            "capacity_reservation_specification": [
              {
                "capacity_reservation_preference": "open",
                "capacity_reservation_target": []
              }
            ],
            "cpu_options": [
              {
                "amd_sev_snp": "",
                "core_count": 1,
                "threads_per_core": 2
              }
            ],
            "credit_specification": [
              {
                "cpu_credits": "unlimited"
              }
            ],
            "disable_api_stop": false,
            "disable_api_termination": false,
            "ebs_block_device": [],
            "ebs_optimized": false,
            "enable_primary_ipv6": null,
            "enclave_options": [
              {
                "enabled": false
              }
            ],
            "ephemeral_block_device": [],
            "force_destroy": false,
            "get_password_data": false,
            "hibernation": false,
            "host_id": "",
            "host_resource_group_arn": null,
            "iam_instance_profile": "",
            "id": "i-0265326bde39cb65f",
            "instance_initiated_shutdown_behavior": "stop",
            "instance_lifecycle": "",
            "instance_market_options": [],
            "instance_state": "running",
            "instance_type": "t3.micro",
            "ipv6_address_count": 0,
            "ipv6_addresses": [],
            "key_name": "fck-nat-key",
            "launch_template": [],
            "maintenance_options": [
              {
                "auto_recovery": "default"
              }
            ],
            "metadata_options": [
              {
                "http_endpoint": "enabled",
                "http_protocol_ipv6": "disabled",
                "http_put_response_hop_limit": 2,
                "http_tokens": "required",
                "instance_metadata_tags": "disabled"
              }
            ],
            "monitoring": false,
            "network_interface": [],
            "outpost_arn": "",
            "password_data": "",
            "placement_group": "",
            "placement_group_id": "",
            "placement_partition_number": 0,
            "primary_network_interface": [
              {
                "delete_on_termination": true,
                "network_interface_id": "eni-06fff7155f422423c"
              }
            ],
            "primary_network_interface_id": "eni-06fff7155f422423c",
            "private_dns": "ip-10-0-1-82.eu-west-1.compute.internal",
            "private_dns_name_options": [
              {
                "enable_resource_name_dns_a_record": false,
                "enable_resource_name_dns_aaaa_record": false,
                "hostname_type": "ip-name"
              }
            ],
            "private_ip": "10.0.1.82",
            "public_dns": "",
            "public_ip": "",
            "region": "eu-west-1",
            "root_block_device": [
              {
                "delete_on_termination": true,
                "device_name": "/dev/sda1",
                "encrypted": false,
                "iops": 3000,
                "kms_key_id": "",
                "tags": {},
                "tags_all": {},
                "throughput": 125,
                "volume_id": "vol-08c4ba90a37b63a6d",
                "volume_size": 8,
                "volume_type": "gp3"
              }
            ],
            "secondary_private_ips": [],
            "security_groups": [],
            "source_dest_check": true,
            "spot_instance_request_id": "",
            "subnet_id": "subnet-0a1bb809d2af9dc4a",
            "tags": {
              "Name": "private-ubuntu-app"
            },
            "tags_all": {
              "Name": "private-ubuntu-app"
            },
            "tenancy": "default",
            "timeouts": null,
            "user_data": null,
            "user_data_base64": null,
            "user_data_replace_on_change": false,
            "volume_tags": null,
            "vpc_security_group_ids": [
              "sg-00a30c5f0a35eb6fb"
            ]
          },
          "sensitive_attributes": [],
          "identity_schema_version": 0,
          "identity": {
            "account_id": "362013706298",
            "id": "i-0265326bde39cb65f",
            "region": "eu-west-1"
          },
          "private": "eyJlMmJmYjczMC1lY2FhLTExZTYtOGY4OC0zNDM2M2JjN2M0YzAiOnsiY3JlYXRlIjo2MDAwMDAwMDAwMDAsImRlbGV0ZSI6MTIwMDAwMDAwMDAwMCwicmVhZCI6OTAwMDAwMDAwMDAwLCJ1cGRhdGUiOjYwMDAwMDAwMDAwMH0sInNjaGVtYV92ZXJzaW9uIjoiMiJ9",
          "dependencies": [
            "aws_key_pair.nat_instance",
            "aws_security_group.private_sg",
            "aws_subnet.private",
            "aws_vpc.vpc",
            "data.aws_ami.ubuntu",
            "data.aws_availability_zones.azs",
            "tls_private_key.nat_instance"
          ]
        }
      ]
    },
    {
      "mode": "managed",
      "type": "aws_internet_gateway",
      "name": "igw",
      "provider": "provider[\"registry.terraform.io/hashicorp/aws\"]",
      "instances": [
        {
          "schema_version": 0,
          "attributes": {
            "arn": "arn:aws:ec2:eu-west-1:362013706298:internet-gateway/igw-0779f4784b3011ab8",
            "id": "igw-0779f4784b3011ab8",
            "owner_id": "362013706298",
            "region": "eu-west-1",
            "tags": {
              "Name": "vpc-igw"
            },
            "tags_all": {
              "Name": "vpc-igw"
            },
            "timeouts": null,
            "vpc_id": "vpc-06f1a08bba642759b"
          },
          "sensitive_attributes": [],
          "identity_schema_version": 0,
          "private": "eyJlMmJmYjczMC1lY2FhLTExZTYtOGY4OC0zNDM2M2JjN2M0YzAiOnsiY3JlYXRlIjoxMjAwMDAwMDAwMDAwLCJkZWxldGUiOjEyMDAwMDAwMDAwMDAsInVwZGF0ZSI6MTIwMDAwMDAwMDAwMH19",
          "dependencies": [
            "aws_vpc.vpc"
          ]
        }
      ]
    },
    {
      "mode": "managed",
      "type": "aws_key_pair",
      "name": "nat_instance",
      "provider": "provider[\"registry.terraform.io/hashicorp/aws\"]",
      "instances": [
        {
          "schema_version": 1,
          "attributes": {
            "arn": "arn:aws:ec2:eu-west-1:362013706298:key-pair/fck-nat-key",
            "fingerprint": "40:cb:44:20:3d:b9:b8:29:56:f7:b9:dd:10:9e:a6:57",
            "id": "fck-nat-key",
            "key_name": "fck-nat-key",
            "key_name_prefix": "",
            "key_pair_id": "key-0b81499a286e2ca79",
            "key_type": "rsa",
            "public_key": "ssh-rsa AAAAB3NzaC1yc2EAAAADAQABAAABAQDddiRF7+i98TzY1Y5owqjK391EBvo7Vhqvc5oN+cpXiqlH3GCG4eDkww6HfuOK4s73RS1HegwsfjmcWN6RQ5zfh3641tBVMyLG+vSbWGu6rK/zW6VfOCtHorij1PeCR3F+JzTW7NGl06U1eM64/BXwitkzIlond2a88xIbW1mQNCqLYZiXNfGv/XQQGG3wXjpjt8T6MAekqmo0U5gO87i5Bs3krAlEosOSsoQyVt7COTL4FGKjHG1/Y/1HtNHq0Iz5oGot0ywJ3aO0n71d3kIqm0zNzGpj82vUqYmqEHDpFbhszRx1RVth59Mq/ctL/j9coThVKJWxhZbs5h6Fp1Yr",
            "region": "eu-west-1",
            "tags": {},
            "tags_all": {}
          },
          "sensitive_attributes": [],
          "identity_schema_version": 0,
          "private": "eyJzY2hlbWFfdmVyc2lvbiI6IjEifQ==",
          "dependencies": [
            "tls_private_key.nat_instance"
          ]
        }
      ]
    },
    {
      "mode": "managed",
      "type": "aws_launch_template",
      "name": "fck_nat_lt",
      "provider": "provider[\"registry.terraform.io/hashicorp/aws\"]",
      "instances": [
        {
          "schema_version": 1,
          "attributes": {
            "arn": "arn:aws:ec2:eu-west-1:362013706298:launch-template/lt-098183a6940ef6d8e",
            "block_device_mappings": [],
            "capacity_reservation_specification": [],
            "cpu_options": [],
            "credit_specification": [],
            "default_version": 1,
            "description": "",
            "disable_api_stop": false,
            "disable_api_termination": false,
            "ebs_optimized": "",
            "enclave_options": [],
            "hibernation_options": [],
            "iam_instance_profile": [
              {
                "arn": "",
                "name": "fck-nat-profile"
              }
            ],
            "id": "lt-098183a6940ef6d8e",
            "image_id": "ami-085252d6cf1b51097",
            "instance_initiated_shutdown_behavior": "",
            "instance_market_options": [],
            "instance_requirements": [],
            "instance_type": "t3.micro",
            "kernel_id": "",
            "key_name": "fck-nat-key",
            "latest_version": 1,
            "license_specification": [],
            "maintenance_options": [],
            "metadata_options": [],
            "monitoring": [],
            "name": "fck-nat-lt-20251202190044853000000005",
            "name_prefix": "fck-nat-lt-",
            "network_interfaces": [
              {
                "associate_carrier_ip_address": "",
                "associate_public_ip_address": "true",
                "connection_tracking_specification": [],
                "delete_on_termination": "true",
                "description": "",
                "device_index": 0,
                "ena_srd_specification": [],
                "interface_type": "",
                "ipv4_address_count": 0,
                "ipv4_addresses": [],
                "ipv4_prefix_count": 0,
                "ipv4_prefixes": [],
                "ipv6_address_count": 0,
                "ipv6_addresses": [],
                "ipv6_prefix_count": 0,
                "ipv6_prefixes": [],
                "network_card_index": 0,
                "network_interface_id": "",
                "primary_ipv6": "",
                "private_ip_address": "",
                "security_groups": [
                  "sg-07d1184d294eaa08b"
                ],
                "subnet_id": ""
              }
            ],
            "placement": [],
            "private_dns_name_options": [],
            "ram_disk_id": "",
            "region": "eu-west-1",
            "security_group_names": [],
            "tag_specifications": [
              {
                "resource_type": "instance",
                "tags": {
                  "Name": "fck-nat-asg"
                }
              }
            ],
            "tags": {},
            "tags_all": {},
            "update_default_version": null,
            "user_data": "IyEvYmluL2Jhc2gKZXhlYyA+ID4odGVlIC92YXIvbG9nL3VzZXItZGF0YS5sb2d8bG9nZ2VyIC10IHVzZXItZGF0YSAtcyAyPi9kZXYvY29uc29sZSkgMj4mMQoKZWNobyAiU3RhcnRpbmcgRkNLLU5BVCBBdXRvLWNvbmZpZ3VyYXRpb24uLi4iCgpSRUdJT049ImV1LXdlc3QtMSIKUlRCX0lEPSJydGItMDM0MjA0ZmE4Y2EyMWZjNzIiCgpUT0tFTj0kKGN1cmwgLXMgLVggUFVUICJodHRwOi8vMTY5LjI1NC4xNjkuMjU0L2xhdGVzdC9hcGkvdG9rZW4iIC1IICJYLWF3cy1lYzItbWV0YWRhdGEtdG9rZW4tdHRsLXNlY29uZHM6IDIxNjAwIikKIyBDT1JSRUNURUQgSVAgQUREUkVTUyBCRUxPVwpJTlNUQU5DRV9JRD0kKGN1cmwgLXMgLUggIlgtYXdzLWVjMi1tZXRhZGF0YS10b2tlbjogJFRPS0VOIiBodHRwOi8vMTY5LjI1NC4xNjkuMjU0L2xhdGVzdC9tZXRhLWRhdGEvaW5zdGFuY2UtaWQpCgplY2hvICJJbnN0YW5jZSBJRDogJElOU1RBTkNFX0lEIgplY2hvICJUYXJnZXQgUm91dGUgVGFibGU6ICRSVEJfSUQiCgphd3MgZWMyIG1vZGlmeS1pbnN0YW5jZS1hdHRyaWJ1dGUgLS1pbnN0YW5jZS1pZCAkSU5TVEFOQ0VfSUQgLS1uby1zb3VyY2UtZGVzdC1jaGVjayAtLXJlZ2lvbiAkUkVHSU9OCgpST1VURV9FWElTVFM9JChhd3MgZWMyIGRlc2NyaWJlLXJvdXRlLXRhYmxlcyAtLXJvdXRlLXRhYmxlLWlkcyAkUlRCX0lEIC0tcmVnaW9uICRSRUdJT04gLS1vdXRwdXQganNvbiB8IGpxIC1yICcuUm91dGVUYWJsZXNbMF0uUm91dGVzW10gfCBzZWxlY3QoLkRlc3RpbmF0aW9uQ2lkckJsb2NrID09ICIwLjAuMC4wLzAiKSB8IGlmIC4gdGhlbiAidHJ1ZSIgZWxzZSAiZmFsc2UiIGVuZCcgfCBncmVwICJ0cnVlIikKCmlmIFsgIiRST1VURV9FWElTVFMiID09ICJ0cnVlIiBdOyB0aGVuCiAgICBlY2hvICJSb3V0ZSBmb3IgMC4wLjAuMC8wIGFscmVhZHkgZXhpc3RzLiBSZXBsYWNpbmcgaXQuLi4iCiAgICBhd3MgZWMyIHJlcGxhY2Utcm91dGUgXAogICAgICAgIC0tcm91dGUtdGFibGUtaWQgJFJUQl9JRCBcCiAgICAgICAgLS1kZXN0aW5hdGlvbi1jaWRyLWJsb2NrIDAuMC4wLjAvMCBcCiAgICAgICAgLS1pbnN0YW5jZS1pZCAkSU5TVEFOQ0VfSUQgXAogICAgICAgIC0tcmVnaW9uICRSRUdJT04KZWxzZQogICAgZWNobyAiUm91dGUgZm9yIDAuMC4wLjAvMCBub3QgZm91bmQuIENyZWF0aW5nIGl0Li4uIgogICAgYXdzIGVjMiBjcmVhdGUtcm91dGUgXAogICAgICAgIC0tcm91dGUtdGFibGUtaWQgJFJUQl9JRCBcCiAgICAgICAgLS1kZXN0aW5hdGlvbi1jaWRyLWJsb2NrIDAuMC4wLjAvMCBcCiAgICAgICAgLS1pbnN0YW5jZS1pZCAkSU5TVEFOQ0VfSUQgXAogICAgICAgIC0tcmVnaW9uICRSRUdJT04KZmkKCmlmIFsgJD8gLWVxIDAgXTsgdGhlbgogICAgZWNobyAiUm91dGUgc3VjY2Vzc2Z1bGx5IGNvbmZpZ3VyZWQgZm9yIGluc3RhbmNlICRJTlNUQU5DRV9JRCBpbiByb3V0ZSB0YWJsZSAkUlRCX0lELiIKZWxzZQogICAgZWNobyAiRVJST1I6IEZhaWxlZCB0byBjb25maWd1cmUgcm91dGUuIiA+JjIKZmkKCkVOSV9JRD0kKGN1cmwgLXMgLUggIlgtYXdzLWVjMi1tZXRhZGF0YS10b2tlbjogJFRPS0VOIiBodHRwOi8vMTY5LjI1NC4xNjkuMjU0L2xhdGVzdC9tZXRhLWRhdGEvbmV0d29yay9pbnRlcmZhY2VzL21hY3MvJChjdXJsIC1zIC1IICJYLWF3cy1lYzItbWV0YWRhdGEtdG9rZW46ICRUT0tFTiIgaHR0cDovLzE2OS4yNTQuMTY5LjI1NC9sYXRlc3QvbWV0YS1kYXRhL21hYykvaW50ZXJmYWNlLWlkKQplY2hvICJlbmlfaWQ9JEVOSV9JRCIgPj4gL2V0Yy9mY2stbmF0LmNvbmYKCnNlcnZpY2UgZmNrLW5hdCByZXN0YXJ0CgplY2hvICJTZXR1cCBDb21wbGV0ZS4i",
            "vpc_security_group_ids": []
          },
          "sensitive_attributes": [],
          "identity_schema_version": 0,
          "private": "eyJzY2hlbWFfdmVyc2lvbiI6IjEifQ==",
          "dependencies": [
            "aws_egress_only_internet_gateway.egress",
            "aws_iam_instance_profile.nat_profile",
            "aws_iam_role.nat_role",
            "aws_key_pair.nat_instance",
            "aws_route_table.private",
            "aws_security_group.fck_nat_sg",
            "aws_vpc.vpc",
            "data.aws_ami.fck_nat",
            "tls_private_key.nat_instance"
          ]
        }
      ]
    },
    {
      "mode": "managed",
      "type": "aws_route_table",
      "name": "private",
      "provider": "provider[\"registry.terraform.io/hashicorp/aws\"]",
      "instances": [
        {
          "schema_version": 0,
          "attributes": {
            "arn": "arn:aws:ec2:eu-west-1:362013706298:route-table/rtb-034204fa8ca21fc72",
            "id": "rtb-034204fa8ca21fc72",
            "owner_id": "362013706298",
            "propagating_vgws": [],
            "region": "eu-west-1",
            "route": [
              {
                "carrier_gateway_id": "",
                "cidr_block": "",
                "core_network_arn": "",
                "destination_prefix_list_id": "",
                "egress_only_gateway_id": "eigw-05ffd3d3ef17ee043",
                "gateway_id": "",
                "ipv6_cidr_block": "::/0",
                "local_gateway_id": "",
                "nat_gateway_id": "",
                "network_interface_id": "",
                "transit_gateway_id": "",
                "vpc_endpoint_id": "",
                "vpc_peering_connection_id": ""
              },
              {
                "carrier_gateway_id": "",
                "cidr_block": "0.0.0.0/0",
                "core_network_arn": "",
                "destination_prefix_list_id": "",
                "egress_only_gateway_id": "",
                "gateway_id": "",
                "ipv6_cidr_block": "",
                "local_gateway_id": "",
                "nat_gateway_id": "",
                "network_interface_id": "eni-0f4deb5d748baafaa",
                "transit_gateway_id": "",
                "vpc_endpoint_id": "",
                "vpc_peering_connection_id": ""
              }
            ],
            "tags": {
              "Name": "private-rtb"
            },
            "tags_all": {
              "Name": "private-rtb"
            },
            "timeouts": null,
            "vpc_id": "vpc-06f1a08bba642759b"
          },
          "sensitive_attributes": [],
          "identity_schema_version": 0,
          "identity": {
            "account_id": "362013706298",
            "id": "rtb-034204fa8ca21fc72",
            "region": "eu-west-1"
          },
          "private": "eyJlMmJmYjczMC1lY2FhLTExZTYtOGY4OC0zNDM2M2JjN2M0YzAiOnsiY3JlYXRlIjozMDAwMDAwMDAwMDAsImRlbGV0ZSI6MzAwMDAwMDAwMDAwLCJ1cGRhdGUiOjEyMDAwMDAwMDAwMH19",
          "dependencies": [
            "aws_egress_only_internet_gateway.egress",
            "aws_vpc.vpc"
          ]
        }
      ]
    },
    {
      "mode": "managed",
      "type": "aws_route_table",
      "name": "public",
      "provider": "provider[\"registry.terraform.io/hashicorp/aws\"]",
      "instances": [
        {
          "schema_version": 0,
          "attributes": {
            "arn": "arn:aws:ec2:eu-west-1:362013706298:route-table/rtb-0bbdc13fd46f6e573",
            "id": "rtb-0bbdc13fd46f6e573",
            "owner_id": "362013706298",
            "propagating_vgws": [],
            "region": "eu-west-1",
            "route": [
              {
                "carrier_gateway_id": "",
                "cidr_block": "",
                "core_network_arn": "",
                "destination_prefix_list_id": "",
                "egress_only_gateway_id": "",
                "gateway_id": "eigw-05ffd3d3ef17ee043",
                "ipv6_cidr_block": "::/0",
                "local_gateway_id": "",
                "nat_gateway_id": "",
                "network_interface_id": "",
                "transit_gateway_id": "",
                "vpc_endpoint_id": "",
                "vpc_peering_connection_id": ""
              },
              {
                "carrier_gateway_id": null,
                "cidr_block": "0.0.0.0/0",
                "core_network_arn": null,
                "destination_prefix_list_id": null,
                "egress_only_gateway_id": null,
                "gateway_id": "igw-0779f4784b3011ab8",
                "ipv6_cidr_block": null,
                "local_gateway_id": null,
                "nat_gateway_id": null,
                "network_interface_id": null,
                "transit_gateway_id": null,
                "vpc_endpoint_id": null,
                "vpc_peering_connection_id": null
              }
            ],
            "tags": {
              "Name": "public-rtb"
            },
            "tags_all": {
              "Name": "public-rtb"
            },
            "timeouts": null,
            "vpc_id": "vpc-06f1a08bba642759b"
          },
          "sensitive_attributes": [],
          "identity_schema_version": 0,
          "identity": {
            "account_id": "362013706298",
            "id": "rtb-0bbdc13fd46f6e573",
            "region": "eu-west-1"
          },
          "private": "eyJlMmJmYjczMC1lY2FhLTExZTYtOGY4OC0zNDM2M2JjN2M0YzAiOnsiY3JlYXRlIjozMDAwMDAwMDAwMDAsImRlbGV0ZSI6MzAwMDAwMDAwMDAwLCJ1cGRhdGUiOjEyMDAwMDAwMDAwMH19",
          "dependencies": [
            "aws_egress_only_internet_gateway.egress",
            "aws_internet_gateway.igw",
            "aws_vpc.vpc"
          ]
        }
      ]
    },
    {
      "mode": "managed",
      "type": "aws_route_table_association",
      "name": "private_assoc",
      "provider": "provider[\"registry.terraform.io/hashicorp/aws\"]",
      "instances": [
        {
          "schema_version": 0,
          "attributes": {
            "gateway_id": "",
            "id": "rtbassoc-0b2daa3a373f135a5",
            "region": "eu-west-1",
            "route_table_id": "rtb-034204fa8ca21fc72",
            "subnet_id": "subnet-0a1bb809d2af9dc4a",
            "timeouts": null
          },
          "sensitive_attributes": [],
          "identity_schema_version": 0,
          "private": "eyJlMmJmYjczMC1lY2FhLTExZTYtOGY4OC0zNDM2M2JjN2M0YzAiOnsiY3JlYXRlIjozMDAwMDAwMDAwMDAsImRlbGV0ZSI6MzAwMDAwMDAwMDAwLCJ1cGRhdGUiOjEyMDAwMDAwMDAwMH19",
          "dependencies": [
            "aws_egress_only_internet_gateway.egress",
            "aws_route_table.private",
            "aws_subnet.private",
            "aws_vpc.vpc",
            "data.aws_availability_zones.azs"
          ]
        }
      ]
    },
    {
      "mode": "managed",
      "type": "aws_route_table_association",
      "name": "public_assoc",
      "provider": "provider[\"registry.terraform.io/hashicorp/aws\"]",
      "instances": [
        {
          "schema_version": 0,
          "attributes": {
            "gateway_id": "",
            "id": "rtbassoc-0ffc99cb161401d43",
            "region": "eu-west-1",
            "route_table_id": "rtb-0bbdc13fd46f6e573",
            "subnet_id": "subnet-0781930ff216dd04a",
            "timeouts": null
          },
          "sensitive_attributes": [],
          "identity_schema_version": 0,
          "private": "eyJlMmJmYjczMC1lY2FhLTExZTYtOGY4OC0zNDM2M2JjN2M0YzAiOnsiY3JlYXRlIjozMDAwMDAwMDAwMDAsImRlbGV0ZSI6MzAwMDAwMDAwMDAwLCJ1cGRhdGUiOjEyMDAwMDAwMDAwMH19",
          "dependencies": [
            "aws_egress_only_internet_gateway.egress",
            "aws_internet_gateway.igw",
            "aws_route_table.public",
            "aws_subnet.public",
            "aws_vpc.vpc",
            "data.aws_availability_zones.azs"
          ]
        }
      ]
    },
    {
      "mode": "managed",
      "type": "aws_security_group",
      "name": "fck_nat_sg",
      "provider": "provider[\"registry.terraform.io/hashicorp/aws\"]",
      "instances": [
        {
          "schema_version": 1,
          "attributes": {
            "arn": "arn:aws:ec2:eu-west-1:362013706298:security-group/sg-07d1184d294eaa08b",
            "description": "Allow traffic from VPC",
            "egress": [
              {
                "cidr_blocks": [
                  "0.0.0.0/0"
                ],
                "description": "",
                "from_port": 0,
                "ipv6_cidr_blocks": [],
                "prefix_list_ids": [],
                "protocol": "-1",
                "security_groups": [],
                "self": false,
                "to_port": 0
              }
            ],
            "id": "sg-07d1184d294eaa08b",
            "ingress": [
              {
                "cidr_blocks": [
                  "0.0.0.0/0"
                ],
                "description": "",
                "from_port": 22,
                "ipv6_cidr_blocks": [],
                "prefix_list_ids": [],
                "protocol": "tcp",
                "security_groups": [],
                "self": false,
                "to_port": 22
              },
              {
                "cidr_blocks": [
                  "10.0.0.0/16"
                ],
                "description": "",
                "from_port": 0,
                "ipv6_cidr_blocks": [],
                "prefix_list_ids": [],
                "protocol": "-1",
                "security_groups": [],
                "self": false,
                "to_port": 0
              }
            ],
            "name": "fck-nat-sg",
            "name_prefix": "",
            "owner_id": "362013706298",
            "region": "eu-west-1",
            "revoke_rules_on_delete": false,
            "tags": {},
            "tags_all": {},
            "timeouts": null,
            "vpc_id": "vpc-06f1a08bba642759b"
          },
          "sensitive_attributes": [],
          "identity_schema_version": 0,
          "identity": {
            "account_id": "362013706298",
            "id": "sg-07d1184d294eaa08b",
            "region": "eu-west-1"
          },
          "private": "eyJlMmJmYjczMC1lY2FhLTExZTYtOGY4OC0zNDM2M2JjN2M0YzAiOnsiY3JlYXRlIjo2MDAwMDAwMDAwMDAsImRlbGV0ZSI6OTAwMDAwMDAwMDAwfSwic2NoZW1hX3ZlcnNpb24iOiIxIn0=",
          "dependencies": [
            "aws_vpc.vpc"
          ]
        }
      ]
    },
    {
      "mode": "managed",
      "type": "aws_security_group",
      "name": "private_sg",
      "provider": "provider[\"registry.terraform.io/hashicorp/aws\"]",
      "instances": [
        {
          "schema_version": 1,
          "attributes": {
            "arn": "arn:aws:ec2:eu-west-1:362013706298:security-group/sg-00a30c5f0a35eb6fb",
            "description": "Allow internal traffic only",
            "egress": [
              {
                "cidr_blocks": [
                  "0.0.0.0/0"
                ],
                "description": "",
                "from_port": 0,
                "ipv6_cidr_blocks": [],
                "prefix_list_ids": [],
                "protocol": "-1",
                "security_groups": [],
                "self": false,
                "to_port": 0
              }
            ],
            "id": "sg-00a30c5f0a35eb6fb",
            "ingress": [
              {
                "cidr_blocks": [
                  "10.0.0.0/16"
                ],
                "description": "",
                "from_port": 22,
                "ipv6_cidr_blocks": [],
                "prefix_list_ids": [],
                "protocol": "tcp",
                "security_groups": [],
                "self": false,
                "to_port": 22
              }
            ],
            "name": "private-ubuntu-sg",
            "name_prefix": "",
            "owner_id": "362013706298",
            "region": "eu-west-1",
            "revoke_rules_on_delete": false,
            "tags": {
              "Name": "private-sg"
            },
            "tags_all": {
              "Name": "private-sg"
            },
            "timeouts": null,
            "vpc_id": "vpc-06f1a08bba642759b"
          },
          "sensitive_attributes": [],
          "identity_schema_version": 0,
          "identity": {
            "account_id": "362013706298",
            "id": "sg-00a30c5f0a35eb6fb",
            "region": "eu-west-1"
          },
          "private": "eyJlMmJmYjczMC1lY2FhLTExZTYtOGY4OC0zNDM2M2JjN2M0YzAiOnsiY3JlYXRlIjo2MDAwMDAwMDAwMDAsImRlbGV0ZSI6OTAwMDAwMDAwMDAwfSwic2NoZW1hX3ZlcnNpb24iOiIxIn0=",
          "dependencies": [
            "aws_vpc.vpc"
          ]
        }
      ]
    },
    {
      "mode": "managed",
      "type": "aws_subnet",
      "name": "private",
      "provider": "provider[\"registry.terraform.io/hashicorp/aws\"]",
      "instances": [
        {
          "schema_version": 1,
          "attributes": {
            "arn": "arn:aws:ec2:eu-west-1:362013706298:subnet/subnet-0a1bb809d2af9dc4a",
            "assign_ipv6_address_on_creation": true,
            "availability_zone": "eu-west-1b",
            "availability_zone_id": "euw1-az3",
            "cidr_block": "10.0.1.0/24",
            "customer_owned_ipv4_pool": "",
            "enable_dns64": false,
            "enable_lni_at_device_index": 0,
            "enable_resource_name_dns_a_record_on_launch": false,
            "enable_resource_name_dns_aaaa_record_on_launch": false,
            "id": "subnet-0a1bb809d2af9dc4a",
            "ipv6_cidr_block": "2a05:d018:63:f301::/64",
            "ipv6_cidr_block_association_id": "subnet-cidr-assoc-093ceada498094268",
            "ipv6_native": false,
            "map_customer_owned_ip_on_launch": false,
            "map_public_ip_on_launch": false,
            "outpost_arn": "",
            "owner_id": "362013706298",
            "private_dns_hostname_type_on_launch": "ip-name",
            "region": "eu-west-1",
            "tags": {
              "Name": "ipv6-subnet"
            },
            "tags_all": {
              "Name": "ipv6-subnet"
            },
            "timeouts": null,
            "vpc_id": "vpc-06f1a08bba642759b"
          },
          "sensitive_attributes": [],
          "identity_schema_version": 0,
          "identity": {
            "account_id": "362013706298",
            "id": "subnet-0a1bb809d2af9dc4a",
            "region": "eu-west-1"
          },
          "private": "eyJlMmJmYjczMC1lY2FhLTExZTYtOGY4OC0zNDM2M2JjN2M0YzAiOnsiY3JlYXRlIjo2MDAwMDAwMDAwMDAsImRlbGV0ZSI6MTIwMDAwMDAwMDAwMH0sInNjaGVtYV92ZXJzaW9uIjoiMSJ9",
          "dependencies": [
            "aws_vpc.vpc",
            "data.aws_availability_zones.azs"
          ]
        }
      ]
    },
    {
      "mode": "managed",
      "type": "aws_subnet",
      "name": "public",
      "provider": "provider[\"registry.terraform.io/hashicorp/aws\"]",
      "instances": [
        {
          "schema_version": 1,
          "attributes": {
            "arn": "arn:aws:ec2:eu-west-1:362013706298:subnet/subnet-0781930ff216dd04a",
            "assign_ipv6_address_on_creation": true,
            "availability_zone": "eu-west-1a",
            "availability_zone_id": "euw1-az2",
            "cidr_block": "10.0.0.0/24",
            "customer_owned_ipv4_pool": "",
            "enable_dns64": false,
            "enable_lni_at_device_index": 0,
            "enable_resource_name_dns_a_record_on_launch": false,
            "enable_resource_name_dns_aaaa_record_on_launch": false,
            "id": "subnet-0781930ff216dd04a",
            "ipv6_cidr_block": "2a05:d018:63:f300::/64",
            "ipv6_cidr_block_association_id": "subnet-cidr-assoc-0dd4099735bd6a2f3",
            "ipv6_native": false,
            "map_customer_owned_ip_on_launch": false,
            "map_public_ip_on_launch": true,
            "outpost_arn": "",
            "owner_id": "362013706298",
            "private_dns_hostname_type_on_launch": "ip-name",
            "region": "eu-west-1",
            "tags": {
              "Name": "ipv6-subnet"
            },
            "tags_all": {
              "Name": "ipv6-subnet"
            },
            "timeouts": null,
            "vpc_id": "vpc-06f1a08bba642759b"
          },
          "sensitive_attributes": [],
          "identity_schema_version": 0,
          "identity": {
            "account_id": "362013706298",
            "id": "subnet-0781930ff216dd04a",
            "region": "eu-west-1"
          },
          "private": "eyJlMmJmYjczMC1lY2FhLTExZTYtOGY4OC0zNDM2M2JjN2M0YzAiOnsiY3JlYXRlIjo2MDAwMDAwMDAwMDAsImRlbGV0ZSI6MTIwMDAwMDAwMDAwMH0sInNjaGVtYV92ZXJzaW9uIjoiMSJ9",
          "dependencies": [
            "aws_vpc.vpc",
            "data.aws_availability_zones.azs"
          ]
        }
      ]
    },
    {
      "mode": "managed",
      "type": "aws_vpc",
      "name": "vpc",
      "provider": "provider[\"registry.terraform.io/hashicorp/aws\"]",
      "instances": [
        {
          "schema_version": 1,
          "attributes": {
            "arn": "arn:aws:ec2:eu-west-1:362013706298:vpc/vpc-06f1a08bba642759b",
            "assign_generated_ipv6_cidr_block": true,
            "cidr_block": "10.0.0.0/16",
            "default_network_acl_id": "acl-0c70c0f2c999371b5",
            "default_route_table_id": "rtb-0ec88e72cb07fc919",
            "default_security_group_id": "sg-0a90b2f7c25768d1c",
            "dhcp_options_id": "dopt-05d63af7b6f34bb26",
            "enable_dns_hostnames": true,
            "enable_dns_support": true,
            "enable_network_address_usage_metrics": false,
            "id": "vpc-06f1a08bba642759b",
            "instance_tenancy": "default",
            "ipv4_ipam_pool_id": null,
            "ipv4_netmask_length": null,
            "ipv6_association_id": "vpc-cidr-assoc-0dea0d25ff6997c80",
            "ipv6_cidr_block": "2a05:d018:63:f300::/56",
            "ipv6_cidr_block_network_border_group": "eu-west-1",
            "ipv6_ipam_pool_id": "",
            "ipv6_netmask_length": 0,
            "main_route_table_id": "rtb-0ec88e72cb07fc919",
            "owner_id": "362013706298",
            "region": "eu-west-1",
            "tags": {},
            "tags_all": {}
          },
          "sensitive_attributes": [],
          "identity_schema_version": 0,
          "identity": {
            "account_id": "362013706298",
            "id": "vpc-06f1a08bba642759b",
            "region": "eu-west-1"
          },
          "private": "eyJzY2hlbWFfdmVyc2lvbiI6IjEifQ=="
        }
      ]
    },
    {
      "mode": "managed",
      "type": "local_file",
      "name": "put_key_on_local_file",
      "provider": "provider[\"registry.terraform.io/hashicorp/local\"]",
      "instances": [
        {
          "schema_version": 0,
          "attributes": {
            "content": "-----BEGIN RSA PRIVATE KEY-----\nMIIEpAIBAAKCAQEA3XYkRe/ovfE82NWOaMKoyt/dRAb6O1Yar3OaDfnKV4qpR9xg\nhuHg5MMOh37jiuLO90UtR3oMLH45nFjekUOc34d+uNbQVTMixvr0m1hruqyv81ul\nXzgrR6K4o9T3gkdxfic01uzRpdOlNXjOuPwV8IrZMyJaJ3dmvPMSG1tZkDQqi2GY\nlzXxr/10EBht8F46Y7fE+jAHpKpqNFOYDvO4uQbN5KwJRKLDkrKEMlbewjky+BRi\noxxtf2P9R7TR6tCM+aBqLdMsCd2jtJ+9Xd5CKptMzcxqY/Nr1KmJqhBw6RW4bM0c\ndUVbYefTKv3LS/4/XKE4VSiVsYWW7OYehadWKwIDAQABAoIBAELY1F4f6nrbBGjX\nHWNVzqleJWXRTVr3xJpNJKUvTvpZqns8dA6Cw+WJUytnC7vydlKBGQfIOUB84Vrm\nIFhstj9qoL+eZ8gv5UF2orr5V5tDYODuOt6hD79RyLX7JLK4afOQVgzB8w5A8k9P\npeaEgQLYhnM+3UOocOR74m1Lh59U7+fCkilRP3ZZBGCEXH2jWXuyAdYp2olsOXwh\nBImPhyp7yobPVThNO7EbkNckisp0ST3YRbvFZIBypnJ1+c9Of06xPEC2XxaPjGNE\nIKMhof9+A7JxdsoI4T9cTaVtIK5Gf+QsmdtvhdjOjM6wR5+en4NXPBKlHbljbqLy\nPRWU3hECgYEA5k2EsbhY9jsUFEDYDKRmOjwzGTPmJ/tBMNE8tWhusPb9i1mGKSlZ\nIyKf2aOXJStMDMedkGI5A3rydayr5l+ifkBIMer2PCNtzzPPr9bdipPbLu2umaEL\nsgCGj4gYXQLgO5EbCyxlu/rshKvbj5e7YlrxL60yh7W3iWOK7a3WqlUCgYEA9iwT\nYnwoDmG6DWgt6b9NMKTYlj0KKzH0iS1TY50SY5ZplIEiJeO2fKoO9zy16p+OmxI9\neNSH/rZQ+/usVhVwLanizmdtJ6NeN81kJsxChU+tkdjn/Zh9GdKDCdi9EKv1eqZE\nvbX5g5nB2nN5Awyr2jY3+WnARE27kp4TkxgHfn8CgYAwGAQb8PlzAkdhK2Fy0moe\nwy+Qlcv8kXW9shRRdeuXvRyZmypvMhlRQwvKsWUA+Be7m3wGCN0LIwO7G0ISq+oN\nH3N0KTMev+9Qk+tNNzuwksv08uHBZ2Y/1+hB1RPxaIZXKihRnwXnybDWy+TgCbmy\nAnfXkv24ZXRclpMOq3zmuQKBgQC1oPuEdJqRUeWWMsF9b1oig94Rq2OvTyJffAPE\nwYVp2PZ5TXXGguaHwGleXXrTa3oqTCDy38yfUCEcaipTMWodJvVi2MiesFi5z18P\niTGjbpBfxawVXccfoERypWmJvXZXUgnx9yvrvyxaY0xrxZOeYtaVvULQopG8sck7\nhEUzPQKBgQDKPNO78P/zYnQTLB3cIWCtTTakSAAOkrlZW5hstTqqIwfAoBevXF+I\ngTc0P9Z5ml1X7WhOpVU3LRjJX1iZtjeJntKq+m2Lwf/WDH14U134nNeJdfPJMbMm\nfHNcejTk6cbWQyFzUcIbv2jRkq7fxRHmA4h6iB4yzLD9UyMxfiqilw==\n-----END RSA PRIVATE KEY-----\n",
            "content_base64": null,
            "content_base64sha256": "davDbsGbNRhCN9VLZqiWjxpP69Al8yPMA5YlrZ+76N0=",
            "content_base64sha512": "UJZliT2jhGNg9DUFh/W+tl/nzMbsJ2exqFDL7tde8aaPe271O7C71lOAyq69d1CH66KfYCDHvId01gHwpL3YUw==",
            "content_md5": "e6b2f7a6aaf1edc88f00f0ff9498ed95",
            "content_sha1": "e2297c87b5b772e4c23f3fbd8956511b6a3da472",
            "content_sha256": "75abc36ec19b35184237d54b66a8968f1a4febd025f323cc039625ad9fbbe8dd",
            "content_sha512": "509665893da3846360f4350587f5beb65fe7ccc6ec2767b1a850cbeed75ef1a68f7b6ef53bb0bbd65380caaebd775087eba29f6020c7bc8774d601f0a4bdd853",
            "directory_permission": "0777",
            "file_permission": "0400",
            "filename": "./private_key.pem",
            "id": "e2297c87b5b772e4c23f3fbd8956511b6a3da472",
            "sensitive_content": null,
            "source": null
          },
          "sensitive_attributes": [
            [
              {
                "type": "get_attr",
                "value": "content"
              }
            ],
            [
              {
                "type": "get_attr",
                "value": "sensitive_content"
              }
            ]
          ],
          "identity_schema_version": 0,
          "dependencies": [
            "tls_private_key.nat_instance"
          ]
        }
      ]
    },
    {
      "mode": "managed",
      "type": "tls_private_key",
      "name": "nat_instance",
      "provider": "provider[\"registry.terraform.io/hashicorp/tls\"]",
      "instances": [
        {
          "schema_version": 1,
          "attributes": {
            "algorithm": "RSA",
            "ecdsa_curve": "P224",
            "id": "0de04423f910b22d09a249520ada64c164c13700",
            "private_key_openssh": "-----BEGIN OPENSSH PRIVATE KEY-----\nb3BlbnNzaC1rZXktdjEAAAAABG5vbmUAAAAEbm9uZQAAAAAAAAABAAABFwAAAAdz\nc2gtcnNhAAAAAwEAAQAAAQEA3XYkRe/ovfE82NWOaMKoyt/dRAb6O1Yar3OaDfnK\nV4qpR9xghuHg5MMOh37jiuLO90UtR3oMLH45nFjekUOc34d+uNbQVTMixvr0m1hr\nuqyv81ulXzgrR6K4o9T3gkdxfic01uzRpdOlNXjOuPwV8IrZMyJaJ3dmvPMSG1tZ\nkDQqi2GYlzXxr/10EBht8F46Y7fE+jAHpKpqNFOYDvO4uQbN5KwJRKLDkrKEMlbe\nwjky+BRioxxtf2P9R7TR6tCM+aBqLdMsCd2jtJ+9Xd5CKptMzcxqY/Nr1KmJqhBw\n6RW4bM0cdUVbYefTKv3LS/4/XKE4VSiVsYWW7OYehadWKwAAA7gksQdXJLEHVwAA\nAAdzc2gtcnNhAAABAQDddiRF7+i98TzY1Y5owqjK391EBvo7Vhqvc5oN+cpXiqlH\n3GCG4eDkww6HfuOK4s73RS1HegwsfjmcWN6RQ5zfh3641tBVMyLG+vSbWGu6rK/z\nW6VfOCtHorij1PeCR3F+JzTW7NGl06U1eM64/BXwitkzIlond2a88xIbW1mQNCqL\nYZiXNfGv/XQQGG3wXjpjt8T6MAekqmo0U5gO87i5Bs3krAlEosOSsoQyVt7COTL4\nFGKjHG1/Y/1HtNHq0Iz5oGot0ywJ3aO0n71d3kIqm0zNzGpj82vUqYmqEHDpFbhs\nzRx1RVth59Mq/ctL/j9coThVKJWxhZbs5h6Fp1YrAAAAAwEAAQAAAQBC2NReH+p6\n2wRo1x1jVc6pXiVl0U1a98SaTSSlL076Wap7PHQOgsPliVMrZwu78nZSgRkHyDlA\nfOFa5iBYbLY/aqC/nmfIL+VBdqK6+VebQ2Dg7jreoQ+/Uci1+ySyuGnzkFYMwfMO\nQPJPT6XmhIEC2IZzPt1DqHDke+JtS4efVO/nwpIpUT92WQRghFx9o1l7sgHWKdqJ\nbDl8IQSJj4cqe8qGz1U4TTuxG5DXJIrKdEk92EW7xWSAcqZydfnPTn9OsTxAtl8W\nj4xjRCCjIaH/fgOycXbKCOE/XE2lbSCuRn/kLJnbb4XYzozOsEefnp+DVzwSpR25\nY26i8j0VlN4RAAAAgQDKPNO78P/zYnQTLB3cIWCtTTakSAAOkrlZW5hstTqqIwfA\noBevXF+IgTc0P9Z5ml1X7WhOpVU3LRjJX1iZtjeJntKq+m2Lwf/WDH14U134nNeJ\ndfPJMbMmfHNcejTk6cbWQyFzUcIbv2jRkq7fxRHmA4h6iB4yzLD9UyMxfiqilwAA\nAIEA5k2EsbhY9jsUFEDYDKRmOjwzGTPmJ/tBMNE8tWhusPb9i1mGKSlZIyKf2aOX\nJStMDMedkGI5A3rydayr5l+ifkBIMer2PCNtzzPPr9bdipPbLu2umaELsgCGj4gY\nXQLgO5EbCyxlu/rshKvbj5e7YlrxL60yh7W3iWOK7a3WqlUAAACBAPYsE2J8KA5h\nug1oLem/TTCk2JY9Cisx9IktU2OdEmOWaZSBIiXjtnyqDvc8teqfjpsSPXjUh/62\nUPv7rFYVcC2p4s5nbSejXjfNZCbMQoVPrZHY5/2YfRnSgwnYvRCr9XqmRL21+YOZ\nwdpzeQMMq9o2N/lpwERNu5KeE5MYB35/AAAAAAEC\n-----END OPENSSH PRIVATE KEY-----\n",
            "private_key_pem": "-----BEGIN RSA PRIVATE KEY-----\nMIIEpAIBAAKCAQEA3XYkRe/ovfE82NWOaMKoyt/dRAb6O1Yar3OaDfnKV4qpR9xg\nhuHg5MMOh37jiuLO90UtR3oMLH45nFjekUOc34d+uNbQVTMixvr0m1hruqyv81ul\nXzgrR6K4o9T3gkdxfic01uzRpdOlNXjOuPwV8IrZMyJaJ3dmvPMSG1tZkDQqi2GY\nlzXxr/10EBht8F46Y7fE+jAHpKpqNFOYDvO4uQbN5KwJRKLDkrKEMlbewjky+BRi\noxxtf2P9R7TR6tCM+aBqLdMsCd2jtJ+9Xd5CKptMzcxqY/Nr1KmJqhBw6RW4bM0c\ndUVbYefTKv3LS/4/XKE4VSiVsYWW7OYehadWKwIDAQABAoIBAELY1F4f6nrbBGjX\nHWNVzqleJWXRTVr3xJpNJKUvTvpZqns8dA6Cw+WJUytnC7vydlKBGQfIOUB84Vrm\nIFhstj9qoL+eZ8gv5UF2orr5V5tDYODuOt6hD79RyLX7JLK4afOQVgzB8w5A8k9P\npeaEgQLYhnM+3UOocOR74m1Lh59U7+fCkilRP3ZZBGCEXH2jWXuyAdYp2olsOXwh\nBImPhyp7yobPVThNO7EbkNckisp0ST3YRbvFZIBypnJ1+c9Of06xPEC2XxaPjGNE\nIKMhof9+A7JxdsoI4T9cTaVtIK5Gf+QsmdtvhdjOjM6wR5+en4NXPBKlHbljbqLy\nPRWU3hECgYEA5k2EsbhY9jsUFEDYDKRmOjwzGTPmJ/tBMNE8tWhusPb9i1mGKSlZ\nIyKf2aOXJStMDMedkGI5A3rydayr5l+ifkBIMer2PCNtzzPPr9bdipPbLu2umaEL\nsgCGj4gYXQLgO5EbCyxlu/rshKvbj5e7YlrxL60yh7W3iWOK7a3WqlUCgYEA9iwT\nYnwoDmG6DWgt6b9NMKTYlj0KKzH0iS1TY50SY5ZplIEiJeO2fKoO9zy16p+OmxI9\neNSH/rZQ+/usVhVwLanizmdtJ6NeN81kJsxChU+tkdjn/Zh9GdKDCdi9EKv1eqZE\nvbX5g5nB2nN5Awyr2jY3+WnARE27kp4TkxgHfn8CgYAwGAQb8PlzAkdhK2Fy0moe\nwy+Qlcv8kXW9shRRdeuXvRyZmypvMhlRQwvKsWUA+Be7m3wGCN0LIwO7G0ISq+oN\nH3N0KTMev+9Qk+tNNzuwksv08uHBZ2Y/1+hB1RPxaIZXKihRnwXnybDWy+TgCbmy\nAnfXkv24ZXRclpMOq3zmuQKBgQC1oPuEdJqRUeWWMsF9b1oig94Rq2OvTyJffAPE\nwYVp2PZ5TXXGguaHwGleXXrTa3oqTCDy38yfUCEcaipTMWodJvVi2MiesFi5z18P\niTGjbpBfxawVXccfoERypWmJvXZXUgnx9yvrvyxaY0xrxZOeYtaVvULQopG8sck7\nhEUzPQKBgQDKPNO78P/zYnQTLB3cIWCtTTakSAAOkrlZW5hstTqqIwfAoBevXF+I\ngTc0P9Z5ml1X7WhOpVU3LRjJX1iZtjeJntKq+m2Lwf/WDH14U134nNeJdfPJMbMm\nfHNcejTk6cbWQyFzUcIbv2jRkq7fxRHmA4h6iB4yzLD9UyMxfiqilw==\n-----END RSA PRIVATE KEY-----\n",
            "private_key_pem_pkcs8": "-----BEGIN PRIVATE KEY-----\nMIIEvgIBADANBgkqhkiG9w0BAQEFAASCBKgwggSkAgEAAoIBAQDddiRF7+i98TzY\n1Y5owqjK391EBvo7Vhqvc5oN+cpXiqlH3GCG4eDkww6HfuOK4s73RS1Hegwsfjmc\nWN6RQ5zfh3641tBVMyLG+vSbWGu6rK/zW6VfOCtHorij1PeCR3F+JzTW7NGl06U1\neM64/BXwitkzIlond2a88xIbW1mQNCqLYZiXNfGv/XQQGG3wXjpjt8T6MAekqmo0\nU5gO87i5Bs3krAlEosOSsoQyVt7COTL4FGKjHG1/Y/1HtNHq0Iz5oGot0ywJ3aO0\nn71d3kIqm0zNzGpj82vUqYmqEHDpFbhszRx1RVth59Mq/ctL/j9coThVKJWxhZbs\n5h6Fp1YrAgMBAAECggEAQtjUXh/qetsEaNcdY1XOqV4lZdFNWvfEmk0kpS9O+lmq\nezx0DoLD5YlTK2cLu/J2UoEZB8g5QHzhWuYgWGy2P2qgv55nyC/lQXaiuvlXm0Ng\n4O463qEPv1HItfsksrhp85BWDMHzDkDyT0+l5oSBAtiGcz7dQ6hw5HvibUuHn1Tv\n58KSKVE/dlkEYIRcfaNZe7IB1inaiWw5fCEEiY+HKnvKhs9VOE07sRuQ1ySKynRJ\nPdhFu8VkgHKmcnX5z05/TrE8QLZfFo+MY0QgoyGh/34DsnF2ygjhP1xNpW0grkZ/\n5CyZ22+F2M6MzrBHn56fg1c8EqUduWNuovI9FZTeEQKBgQDmTYSxuFj2OxQUQNgM\npGY6PDMZM+Yn+0Ew0Ty1aG6w9v2LWYYpKVkjIp/Zo5clK0wMx52QYjkDevJ1rKvm\nX6J+QEgx6vY8I23PM8+v1t2Kk9su7a6ZoQuyAIaPiBhdAuA7kRsLLGW7+uyEq9uP\nl7tiWvEvrTKHtbeJY4rtrdaqVQKBgQD2LBNifCgOYboNaC3pv00wpNiWPQorMfSJ\nLVNjnRJjlmmUgSIl47Z8qg73PLXqn46bEj141If+tlD7+6xWFXAtqeLOZ20no143\nzWQmzEKFT62R2Of9mH0Z0oMJ2L0Qq/V6pkS9tfmDmcHac3kDDKvaNjf5acBETbuS\nnhOTGAd+fwKBgDAYBBvw+XMCR2ErYXLSah7DL5CVy/yRdb2yFFF165e9HJmbKm8y\nGVFDC8qxZQD4F7ubfAYI3QsjA7sbQhKr6g0fc3QpMx6/71CT6003O7CSy/Ty4cFn\nZj/X6EHVE/FohlcqKFGfBefJsNbL5OAJubICd9eS/bhldFyWkw6rfOa5AoGBALWg\n+4R0mpFR5ZYywX1vWiKD3hGrY69PIl98A8TBhWnY9nlNdcaC5ofAaV5detNreipM\nIPLfzJ9QIRxqKlMxah0m9WLYyJ6wWLnPXw+JMaNukF/FrBVdxx+gRHKlaYm9dldS\nCfH3K+u/LFpjTGvFk55i1pW9QtCikbyxyTuERTM9AoGBAMo807vw//NidBMsHdwh\nYK1NNqRIAA6SuVlbmGy1OqojB8CgF69cX4iBNzQ/1nmaXVftaE6lVTctGMlfWJm2\nN4me0qr6bYvB/9YMfXhTXfic14l188kxsyZ8c1x6NOTpxtZDIXNRwhu/aNGSrt/F\nEeYDiHqIHjLMsP1TIzF+KqKX\n-----END PRIVATE KEY-----\n",
            "public_key_fingerprint_md5": "73:54:cd:1c:fa:0d:17:57:cc:86:c3:91:3b:96:54:e1",
            "public_key_fingerprint_sha256": "SHA256:S+cc/az7cYuY7FiXBH+6wWMAZRFHY7HJey3j6BA8V58",
            "public_key_openssh": "ssh-rsa AAAAB3NzaC1yc2EAAAADAQABAAABAQDddiRF7+i98TzY1Y5owqjK391EBvo7Vhqvc5oN+cpXiqlH3GCG4eDkww6HfuOK4s73RS1HegwsfjmcWN6RQ5zfh3641tBVMyLG+vSbWGu6rK/zW6VfOCtHorij1PeCR3F+JzTW7NGl06U1eM64/BXwitkzIlond2a88xIbW1mQNCqLYZiXNfGv/XQQGG3wXjpjt8T6MAekqmo0U5gO87i5Bs3krAlEosOSsoQyVt7COTL4FGKjHG1/Y/1HtNHq0Iz5oGot0ywJ3aO0n71d3kIqm0zNzGpj82vUqYmqEHDpFbhszRx1RVth59Mq/ctL/j9coThVKJWxhZbs5h6Fp1Yr\n",
            "public_key_pem": "-----BEGIN PUBLIC KEY-----\nMIIBIjANBgkqhkiG9w0BAQEFAAOCAQ8AMIIBCgKCAQEA3XYkRe/ovfE82NWOaMKo\nyt/dRAb6O1Yar3OaDfnKV4qpR9xghuHg5MMOh37jiuLO90UtR3oMLH45nFjekUOc\n34d+uNbQVTMixvr0m1hruqyv81ulXzgrR6K4o9T3gkdxfic01uzRpdOlNXjOuPwV\n8IrZMyJaJ3dmvPMSG1tZkDQqi2GYlzXxr/10EBht8F46Y7fE+jAHpKpqNFOYDvO4\nuQbN5KwJRKLDkrKEMlbewjky+BRioxxtf2P9R7TR6tCM+aBqLdMsCd2jtJ+9Xd5C\nKptMzcxqY/Nr1KmJqhBw6RW4bM0cdUVbYefTKv3LS/4/XKE4VSiVsYWW7OYehadW\nKwIDAQAB\n-----END PUBLIC KEY-----\n",
            "rsa_bits": 2048
          },
          "sensitive_attributes": [
            [
              {
                "type": "get_attr",
                "value": "private_key_openssh"
              }
            ],
            [
              {
                "type": "get_attr",
                "value": "private_key_pem"
              }
            ],
            [
              {
                "type": "get_attr",
                "value": "private_key_pem_pkcs8"
              }
            ]
          ],
          "identity_schema_version": 0
        }
      ]
    }
  ],
  "check_results": null
}
